<?xml version="1.0" encoding="utf-8"?>
<Project ToolsVersion="4.0" xmlns="http://schemas.microsoft.com/developer/msbuild/2003">
  <ItemGroup>
    <Filter Include="Source Files">
      <UniqueIdentifier>{4FC737F1-C7A5-4376-A066-2A32D752A2FF}</UniqueIdentifier>
      <Extensions>cpp;c;cc;cxx;def;odl;idl;hpj;bat;asm;asmx</Extensions>
    </Filter>
    <Filter Include="Header Files">
      <UniqueIdentifier>{93995380-89BD-4b04-88EB-625FBE52EBFB}</UniqueIdentifier>
      <Extensions>h;hpp;hxx;hm;inl;inc;xsd</Extensions>
    </Filter>
    <Filter Include="Resource Files">
      <UniqueIdentifier>{67DA6AB6-F800-4c08-8B7A-83BB121AAD01}</UniqueIdentifier>
      <Extensions>rc;ico;cur;bmp;dlg;rc2;rct;bin;rgs;gif;jpg;jpeg;jpe;resx;tiff;tif;png;wav;mfcribbon-ms</Extensions>
    </Filter>
    <Filter Include="Source Files\Machines">
      <UniqueIdentifier>{d1e71566-a4fa-45d3-896f-0414cf117930}</UniqueIdentifier>
    </Filter>
    <Filter Include="Source Files\Queues">
      <UniqueIdentifier>{25602ba2-d331-4651-ae80-d55d6e83cc0d}</UniqueIdentifier>
    </Filter>
    <Filter Include="Source Files\Objects">
      <UniqueIdentifier>{6969e9f2-cb9b-4ad0-9ffd-55f261fe343b}</UniqueIdentifier>
    </Filter>
    <Filter Include="Source Files\Engine">
      <UniqueIdentifier>{b94d17cb-8d7c-48b2-9714-bbde4c71a868}</UniqueIdentifier>
    </Filter>
    <Filter Include="Source Files\Engine\Input">
      <UniqueIdentifier>{b2a56391-ad31-4f9e-87bd-c00e9c613b34}</UniqueIdentifier>
    </Filter>
    <Filter Include="Source Files\Engine\GFX">
      <UniqueIdentifier>{fa8c470c-4ba1-432f-ad76-af2ffaae9e69}</UniqueIdentifier>
    </Filter>
    <Filter Include="Source Files\Terrain">
      <UniqueIdentifier>{304603db-ae7d-4b8c-a14d-3d426f92ae6b}</UniqueIdentifier>
    </Filter>
  </ItemGroup>
  <ItemGroup>
    <ClInclude Include="..\include\base.h">
      <Filter>Header Files</Filter>
    </ClInclude>
    <ClInclude Include="..\include\callback.h">
      <Filter>Header Files</Filter>
    </ClInclude>
    <ClInclude Include="..\include\defs.h">
      <Filter>Header Files</Filter>
    </ClInclude>
    <ClInclude Include="..\include\files.h">
      <Filter>Header Files</Filter>
    </ClInclude>
    <ClInclude Include="..\include\font.h">
      <Filter>Header Files</Filter>
    </ClInclude>
    <ClInclude Include="..\include\gfx.h">
      <Filter>Header Files</Filter>
    </ClInclude>
    <ClInclude Include="..\include\keyinput.h">
      <Filter>Header Files</Filter>
    </ClInclude>
    <ClInclude Include="..\include\level.h">
      <Filter>Header Files</Filter>
    </ClInclude>
    <ClInclude Include="..\include\resource.h">
      <Filter>Header Files</Filter>
    </ClInclude>
    <ClInclude Include="..\include\wallnames.h">
      <Filter>Header Files</Filter>
    </ClInclude>
    <ClInclude Include="..\include\wii.h">
      <Filter>Header Files</Filter>
    </ClInclude>
    <ClInclude Include="..\include\object.h">
      <Filter>Header Files</Filter>
    </ClInclude>
    <ClInclude Include="..\include\sprites.h">
      <Filter>Header Files</Filter>
    </ClInclude>
    <ClInclude Include="..\include\input_def.h">
      <Filter>Header Files</Filter>
    </ClInclude>
    <ClInclude Include="..\include\input.h">
      <Filter>Header Files</Filter>
    </ClInclude>
    <ClInclude Include="..\include\config.h">
      <Filter>Header Files</Filter>
    </ClInclude>
    <ClInclude Include="..\include\sdlFiles.h">
      <Filter>Header Files</Filter>
    </ClInclude>
    <ClInclude Include="..\include\objectDef.h">
      <Filter>Header Files</Filter>
    </ClInclude>
    <ClInclude Include="..\include\terrain.h">
      <Filter>Header Files</Filter>
    </ClInclude>
    <ClInclude Include="..\include\tileEnum.h">
      <Filter>Header Files</Filter>
    </ClInclude>
    <ClInclude Include="..\include\wallLookup.h">
      <Filter>Header Files</Filter>
    </ClInclude>
    <ClInclude Include="..\include\debugText.h">
      <Filter>Header Files</Filter>
    </ClInclude>
  </ItemGroup>
  <ItemGroup>
    <ClCompile Include="..\source\conveyor.cpp">
      <Filter>Source Files\Machines</Filter>
    </ClCompile>
    <ClCompile Include="..\source\duplicator.cpp">
      <Filter>Source Files\Machines</Filter>
    </ClCompile>
    <ClCompile Include="..\source\terrainHazards.cpp">
      <Filter>Source Files\Machines</Filter>
    </ClCompile>
    <ClCompile Include="..\source\triggers.cpp">
      <Filter>Source Files\Machines</Filter>
    </ClCompile>
    <ClCompile Include="..\source\activateQueue.cpp">
      <Filter>Source Files\Queues</Filter>
    </ClCompile>
    <ClCompile Include="..\source\assignQueue.cpp">
      <Filter>Source Files\Queues</Filter>
    </ClCompile>
    <ClCompile Include="..\source\moveQueue.cpp">
      <Filter>Source Files\Queues</Filter>
    </ClCompile>
    <ClCompile Include="..\source\transitQueue.cpp">
      <Filter>Source Files\Queues</Filter>
    </ClCompile>
    <ClCompile Include="..\source\object.cpp">
      <Filter>Source Files\Objects</Filter>
    </ClCompile>
    <ClCompile Include="..\source\crate.cpp">
      <Filter>Source Files\Objects</Filter>
    </ClCompile>
    <ClCompile Include="..\source\player.cpp">
      <Filter>Source Files\Objects</Filter>
    </ClCompile>
    <ClCompile Include="..\source\checkspace.cpp">
      <Filter>Source Files\Engine</Filter>
    </ClCompile>
    <ClCompile Include="..\source\config.cpp">
      <Filter>Source Files\Engine</Filter>
    </ClCompile>
    <ClCompile Include="..\source\debugText.cpp">
      <Filter>Source Files\Engine</Filter>
    </ClCompile>
    <ClCompile Include="..\source\event.cpp">
      <Filter>Source Files\Engine</Filter>
    </ClCompile>
    <ClCompile Include="..\source\files.cpp">
      <Filter>Source Files\Engine</Filter>
    </ClCompile>
    <ClCompile Include="..\source\font.cpp">
      <Filter>Source Files\Engine</Filter>
    </ClCompile>
    <ClCompile Include="..\source\gfx.cpp">
      <Filter>Source Files\Engine</Filter>
    </ClCompile>
    <ClCompile Include="..\source\globals.cpp">
      <Filter>Source Files\Engine</Filter>
    </ClCompile>
    <ClCompile Include="..\source\input.cpp">
      <Filter>Source Files\Engine\Input</Filter>
    </ClCompile>
    <ClCompile Include="..\source\joystick.cpp">
      <Filter>Source Files\Engine\Input</Filter>
    </ClCompile>
    <ClCompile Include="..\source\keyinput.cpp">
      <Filter>Source Files\Engine\Input</Filter>
    </ClCompile>
    <ClCompile Include="..\source\mouse.cpp">
      <Filter>Source Files\Engine\Input</Filter>
    </ClCompile>
    <ClCompile Include="..\source\terrain.cpp">
      <Filter>Source Files\Terrain</Filter>
    </ClCompile>
    <ClCompile Include="..\source\sound.cpp">
      <Filter>Source Files\Engine</Filter>
    </ClCompile>
    <ClCompile Include="..\source\ice.cpp">
      <Filter>Source Files\Terrain</Filter>
    </ClCompile>
    <ClCompile Include="..\source\main.cpp">
      <Filter>Source Files\Engine</Filter>
    </ClCompile>
    <ClCompile Include="..\source\level.cpp">
      <Filter>Source Files\Engine</Filter>
    </ClCompile>
    <ClCompile Include="..\source\loadimg.cpp">
      <Filter>Source Files\Engine\GFX</Filter>
    </ClCompile>
    <ClCompile Include="..\source\textbox.cpp">
      <Filter>Source Files\Engine\GFX</Filter>
    </ClCompile>
    <ClCompile Include="..\source\tileSprites.cpp">
      <Filter>Source Files\Engine\GFX</Filter>
    </ClCompile>
    <ClCompile Include="..\source\freezer.cpp">
      <Filter>Source Files\Machines</Filter>
    </ClCompile>
    <ClCompile Include="..\source\pickup.cpp">
      <Filter>Source Files\Objects</Filter>
    </ClCompile>
  </ItemGroup>
  <ItemGroup>
    <ResourceCompile Include="..\Output\gfx\app.rc">
      <Filter>Resource Files</Filter>
    </ResourceCompile>
  </ItemGroup>
  <ItemGroup>
    <Image Include="..\Output\gfx\icon.ico">
      <Filter>Resource Files</Filter>
    </Image>
    <Image Include="..\Output\gfx\icon_large.ico">
      <Filter>Resource Files</Filter>
    </Image>
  </ItemGroup>
</Project>